# This file is automatically @generated by Cargo.
# It is not intended for manual editing.
version = 3

[[package]]
name = "firedbg-lib"
version = "0.1.1"
source = "registry+https://github.com/rust-lang/crates.io-index"
checksum = "5f249d193cdea8e64f04f819ec98d3621d5d19585b69e1fa10adafab11082531"

[[package]]
name = "sudoku"
version = "0.1.0"
dependencies = [
 "firedbg-lib",
]
